
Microsoft Visual Studio Solution File, Format Version 12.00
# Visual Studio Version 17
VisualStudioVersion = 17.5.33502.453
MinimumVisualStudioVersion = 10.0.40219.1
Project("{FAE04EC0-301F-11D3-BF4B-00C04F79EFBC}") = "Constructor", "Constructor.csproj", "{AB416319-4A5B-4A3F-A422-A0BF03A6F9E1}"
EndProject
Global
	GlobalSection(SolutionConfigurationPlatforms) = preSolution
		Debug|Any CPU = Debug|Any CPU
		Release|Any CPU = Release|Any CPU
	EndGlobalSection
	GlobalSection(ProjectConfigurationPlatforms) = postSolution
		{AB416319-4A5B-4A3F-A422-A0BF03A6F9E1}.Debug|Any CPU.ActiveCfg = Debug|Any CPU
		{AB416319-4A5B-4A3F-A422-A0BF03A6F9E1}.Debug|Any CPU.Build.0 = Debug|Any CPU
		{AB416319-4A5B-4A3F-A422-A0BF03A6F9E1}.Release|Any CPU.ActiveCfg = Release|Any CPU
		{AB416319-4A5B-4A3F-A422-A0BF03A6F9E1}.Release|Any CPU.Build.0 = Release|Any CPU
	EndGlobalSection
	GlobalSection(SolutionProperties) = preSolution
		HideSolutionNode = FALSE
	EndGlobalSection
	GlobalSection(ExtensibilityGlobals) = postSolution
		SolutionGuid = {B34E5548-4B77-402C-9178-0794A88597FA}
	EndGlobalSection
EndGlobal
